
Microsoft Visual Studio Solution File, Format Version 12.00
# Visual Studio Version 17
VisualStudioVersion = 17.3.32901.215
MinimumVisualStudioVersion = 10.0.40219.1
Project("{FAE04EC0-301F-11D3-BF4B-00C04F79EFBC}") = "CabinformationSystem", "CabinformationSystem\CabinformationSystem.csproj", "{E09F59F0-34E0-4879-89B3-983A802A2571}"
EndProject
Global
	GlobalSection(SolutionConfigurationPlatforms) = preSolution
		Debug|Any CPU = Debug|Any CPU
		Release|Any CPU = Release|Any CPU
	EndGlobalSection
	GlobalSection(ProjectConfigurationPlatforms) = postSolution
		{E09F59F0-34E0-4879-89B3-983A802A2571}.Debug|Any CPU.ActiveCfg = Debug|Any CPU
		{E09F59F0-34E0-4879-89B3-983A802A2571}.Debug|Any CPU.Build.0 = Debug|Any CPU
		{E09F59F0-34E0-4879-89B3-983A802A2571}.Release|Any CPU.ActiveCfg = Release|Any CPU
		{E09F59F0-34E0-4879-89B3-983A802A2571}.Release|Any CPU.Build.0 = Release|Any CPU
	EndGlobalSection
	GlobalSection(SolutionProperties) = preSolution
		HideSolutionNode = FALSE
	EndGlobalSection
	GlobalSection(ExtensibilityGlobals) = postSolution
		SolutionGuid = {CC2A0D60-6F6F-4052-9B18-4E07EC759D0C}
	EndGlobalSection
EndGlobal
